
Microsoft Visual Studio Solution File, Format Version 12.00
# Visual Studio Version 17
VisualStudioVersion = 17.5.002.0
MinimumVisualStudioVersion = 10.0.40219.1
Project("{2150E333-8FDC-42A3-9474-1A3956D46DE8}") = "week01", "week01", "{F1D78390-B727-4B56-BFF0-BD626C1CE8EE}"
EndProject
Project("{9A19103F-16F7-4668-BE54-9A1E7A4F7556}") = "code", "week01\code\code.csproj", "{06E88BF9-7E6C-401A-9F6C-6B89317C7C2E}"
EndProject
Project("{9A19103F-16F7-4668-BE54-9A1E7A4F7556}") = "analyze", "week01\analyze\analyze.csproj", "{C4F970FC-4D70-48F6-87B2-B68136580E20}"
EndProject
Project("{9A19103F-16F7-4668-BE54-9A1E7A4F7556}") = "teach", "week01\teach\teach.csproj", "{AAC91E48-0265-4AE0-BD83-D8459D674F1E}"
EndProject
Project("{2150E333-8FDC-42A3-9474-1A3956D46DE8}") = "week06", "week06", "{84C06B37-F448-460A-AE0B-802DA44CC1B8}"
EndProject
Project("{9A19103F-16F7-4668-BE54-9A1E7A4F7556}") = "code", "week06\code\code.csproj", "{01FC052E-CD4A-4C1C-A008-29A03D97A2F4}"
EndProject
Project("{2150E333-8FDC-42A3-9474-1A3956D46DE8}") = "sandbox", "sandbox", "{6BC4B91B-D0BA-45C9-B418-8D7B51542F1F}"
EndProject
Project("{9A19103F-16F7-4668-BE54-9A1E7A4F7556}") = "sandbox_project", "sandbox\sandbox_project\sandbox_project.csproj", "{115FD261-7703-4030-A197-5B0175B1A809}"
EndProject
Project("{2150E333-8FDC-42A3-9474-1A3956D46DE8}") = "week05", "week05", "{174CB0F0-B398-47EA-8002-1D398B983655}"
EndProject
Project("{9A19103F-16F7-4668-BE54-9A1E7A4F7556}") = "code", "week05\code\code.csproj", "{30FB26FC-3D2C-4C20-9DF9-D4122F8F39E9}"
EndProject
Project("{2150E333-8FDC-42A3-9474-1A3956D46DE8}") = "week02", "week02", "{9F5C73EF-86DF-4719-A1C6-11B91C392ECF}"
EndProject
Project("{9A19103F-16F7-4668-BE54-9A1E7A4F7556}") = "learn", "week02\learn\learn.csproj", "{6CD7F028-36EE-4D64-A3C3-35833F011F12}"
EndProject
Project("{9A19103F-16F7-4668-BE54-9A1E7A4F7556}") = "code", "week02\code\code.csproj", "{82797ED9-0217-450C-8464-70138BB09095}"
EndProject
Project("{9A19103F-16F7-4668-BE54-9A1E7A4F7556}") = "analyze", "week02\analyze\analyze.csproj", "{C1605C0F-67BA-4B3A-AB98-8869C33BD664}"
EndProject
Project("{9A19103F-16F7-4668-BE54-9A1E7A4F7556}") = "teach", "week02\teach\teach.csproj", "{F3754ECB-4222-4F87-AFC5-62429D2DF60A}"
EndProject
Project("{2150E333-8FDC-42A3-9474-1A3956D46DE8}") = "week03", "week03", "{CF49DF3A-B75F-49A8-885D-BF97AE3FF3CC}"
EndProject
Project("{9A19103F-16F7-4668-BE54-9A1E7A4F7556}") = "learn", "week03\learn\learn.csproj", "{E3527739-709A-4EC7-BDE6-A742EF94E749}"
EndProject
Project("{9A19103F-16F7-4668-BE54-9A1E7A4F7556}") = "code", "week03\code\code.csproj", "{EAF93589-3B33-4482-BFE9-F23765048BA0}"
EndProject
Project("{9A19103F-16F7-4668-BE54-9A1E7A4F7556}") = "teach", "week03\teach\teach.csproj", "{750B67A7-2710-4311-A67D-0EEB0117AC83}"
EndProject
Project("{2150E333-8FDC-42A3-9474-1A3956D46DE8}") = "week04", "week04", "{0E2BAB37-F8B6-416A-B8B5-3505B9AD8E71}"
EndProject
Project("{9A19103F-16F7-4668-BE54-9A1E7A4F7556}") = "code", "week04\code\code.csproj", "{375BA5A4-DC9A-4582-ABBE-717692566FB3}"
EndProject
Global
	GlobalSection(SolutionConfigurationPlatforms) = preSolution
		Debug|Any CPU = Debug|Any CPU
		Release|Any CPU = Release|Any CPU
	EndGlobalSection
	GlobalSection(ProjectConfigurationPlatforms) = postSolution
		{06E88BF9-7E6C-401A-9F6C-6B89317C7C2E}.Debug|Any CPU.ActiveCfg = Debug|Any CPU
		{06E88BF9-7E6C-401A-9F6C-6B89317C7C2E}.Debug|Any CPU.Build.0 = Debug|Any CPU
		{06E88BF9-7E6C-401A-9F6C-6B89317C7C2E}.Release|Any CPU.ActiveCfg = Release|Any CPU
		{06E88BF9-7E6C-401A-9F6C-6B89317C7C2E}.Release|Any CPU.Build.0 = Release|Any CPU
		{C4F970FC-4D70-48F6-87B2-B68136580E20}.Debug|Any CPU.ActiveCfg = Debug|Any CPU
		{C4F970FC-4D70-48F6-87B2-B68136580E20}.Debug|Any CPU.Build.0 = Debug|Any CPU
		{C4F970FC-4D70-48F6-87B2-B68136580E20}.Release|Any CPU.ActiveCfg = Release|Any CPU
		{C4F970FC-4D70-48F6-87B2-B68136580E20}.Release|Any CPU.Build.0 = Release|Any CPU
		{AAC91E48-0265-4AE0-BD83-D8459D674F1E}.Debug|Any CPU.ActiveCfg = Debug|Any CPU
		{AAC91E48-0265-4AE0-BD83-D8459D674F1E}.Debug|Any CPU.Build.0 = Debug|Any CPU
		{AAC91E48-0265-4AE0-BD83-D8459D674F1E}.Release|Any CPU.ActiveCfg = Release|Any CPU
		{AAC91E48-0265-4AE0-BD83-D8459D674F1E}.Release|Any CPU.Build.0 = Release|Any CPU
		{01FC052E-CD4A-4C1C-A008-29A03D97A2F4}.Debug|Any CPU.ActiveCfg = Debug|Any CPU
		{01FC052E-CD4A-4C1C-A008-29A03D97A2F4}.Debug|Any CPU.Build.0 = Debug|Any CPU
		{01FC052E-CD4A-4C1C-A008-29A03D97A2F4}.Release|Any CPU.ActiveCfg = Release|Any CPU
		{01FC052E-CD4A-4C1C-A008-29A03D97A2F4}.Release|Any CPU.Build.0 = Release|Any CPU
		{115FD261-7703-4030-A197-5B0175B1A809}.Debug|Any CPU.ActiveCfg = Debug|Any CPU
		{115FD261-7703-4030-A197-5B0175B1A809}.Debug|Any CPU.Build.0 = Debug|Any CPU
		{115FD261-7703-4030-A197-5B0175B1A809}.Release|Any CPU.ActiveCfg = Release|Any CPU
		{115FD261-7703-4030-A197-5B0175B1A809}.Release|Any CPU.Build.0 = Release|Any CPU
		{30FB26FC-3D2C-4C20-9DF9-D4122F8F39E9}.Debug|Any CPU.ActiveCfg = Debug|Any CPU
		{30FB26FC-3D2C-4C20-9DF9-D4122F8F39E9}.Debug|Any CPU.Build.0 = Debug|Any CPU
		{30FB26FC-3D2C-4C20-9DF9-D4122F8F39E9}.Release|Any CPU.ActiveCfg = Release|Any CPU
		{30FB26FC-3D2C-4C20-9DF9-D4122F8F39E9}.Release|Any CPU.Build.0 = Release|Any CPU
		{6CD7F028-36EE-4D64-A3C3-35833F011F12}.Debug|Any CPU.ActiveCfg = Debug|Any CPU
		{6CD7F028-36EE-4D64-A3C3-35833F011F12}.Debug|Any CPU.Build.0 = Debug|Any CPU
		{6CD7F028-36EE-4D64-A3C3-35833F011F12}.Release|Any CPU.ActiveCfg = Release|Any CPU
		{6CD7F028-36EE-4D64-A3C3-35833F011F12}.Release|Any CPU.Build.0 = Release|Any CPU
		{82797ED9-0217-450C-8464-70138BB09095}.Debug|Any CPU.ActiveCfg = Debug|Any CPU
		{82797ED9-0217-450C-8464-70138BB09095}.Debug|Any CPU.Build.0 = Debug|Any CPU
		{82797ED9-0217-450C-8464-70138BB09095}.Release|Any CPU.ActiveCfg = Release|Any CPU
		{82797ED9-0217-450C-8464-70138BB09095}.Release|Any CPU.Build.0 = Release|Any CPU
		{C1605C0F-67BA-4B3A-AB98-8869C33BD664}.Debug|Any CPU.ActiveCfg = Debug|Any CPU
		{C1605C0F-67BA-4B3A-AB98-8869C33BD664}.Debug|Any CPU.Build.0 = Debug|Any CPU
		{C1605C0F-67BA-4B3A-AB98-8869C33BD664}.Release|Any CPU.ActiveCfg = Release|Any CPU
		{C1605C0F-67BA-4B3A-AB98-8869C33BD664}.Release|Any CPU.Build.0 = Release|Any CPU
		{F3754ECB-4222-4F87-AFC5-62429D2DF60A}.Debug|Any CPU.ActiveCfg = Debug|Any CPU
		{F3754ECB-4222-4F87-AFC5-62429D2DF60A}.Debug|Any CPU.Build.0 = Debug|Any CPU
		{F3754ECB-4222-4F87-AFC5-62429D2DF60A}.Release|Any CPU.ActiveCfg = Release|Any CPU
		{F3754ECB-4222-4F87-AFC5-62429D2DF60A}.Release|Any CPU.Build.0 = Release|Any CPU
		{E3527739-709A-4EC7-BDE6-A742EF94E749}.Debug|Any CPU.ActiveCfg = Debug|Any CPU
		{E3527739-709A-4EC7-BDE6-A742EF94E749}.Debug|Any CPU.Build.0 = Debug|Any CPU
		{E3527739-709A-4EC7-BDE6-A742EF94E749}.Release|Any CPU.ActiveCfg = Release|Any CPU
		{E3527739-709A-4EC7-BDE6-A742EF94E749}.Release|Any CPU.Build.0 = Release|Any CPU
		{EAF93589-3B33-4482-BFE9-F23765048BA0}.Debug|Any CPU.ActiveCfg = Debug|Any CPU
		{EAF93589-3B33-4482-BFE9-F23765048BA0}.Debug|Any CPU.Build.0 = Debug|Any CPU
		{EAF93589-3B33-4482-BFE9-F23765048BA0}.Release|Any CPU.ActiveCfg = Release|Any CPU
		{EAF93589-3B33-4482-BFE9-F23765048BA0}.Release|Any CPU.Build.0 = Release|Any CPU
		{750B67A7-2710-4311-A67D-0EEB0117AC83}.Debug|Any CPU.ActiveCfg = Debug|Any CPU
		{750B67A7-2710-4311-A67D-0EEB0117AC83}.Debug|Any CPU.Build.0 = Debug|Any CPU
		{750B67A7-2710-4311-A67D-0EEB0117AC83}.Release|Any CPU.ActiveCfg = Release|Any CPU
		{750B67A7-2710-4311-A67D-0EEB0117AC83}.Release|Any CPU.Build.0 = Release|Any CPU
		{375BA5A4-DC9A-4582-ABBE-717692566FB3}.Debug|Any CPU.ActiveCfg = Debug|Any CPU
		{375BA5A4-DC9A-4582-ABBE-717692566FB3}.Debug|Any CPU.Build.0 = Debug|Any CPU
		{375BA5A4-DC9A-4582-ABBE-717692566FB3}.Release|Any CPU.ActiveCfg = Release|Any CPU
		{375BA5A4-DC9A-4582-ABBE-717692566FB3}.Release|Any CPU.Build.0 = Release|Any CPU
	EndGlobalSection
	GlobalSection(SolutionProperties) = preSolution
		HideSolutionNode = FALSE
	EndGlobalSection
	GlobalSection(NestedProjects) = preSolution
		{06E88BF9-7E6C-401A-9F6C-6B89317C7C2E} = {F1D78390-B727-4B56-BFF0-BD626C1CE8EE}
		{C4F970FC-4D70-48F6-87B2-B68136580E20} = {F1D78390-B727-4B56-BFF0-BD626C1CE8EE}
		{AAC91E48-0265-4AE0-BD83-D8459D674F1E} = {F1D78390-B727-4B56-BFF0-BD626C1CE8EE}
		{01FC052E-CD4A-4C1C-A008-29A03D97A2F4} = {84C06B37-F448-460A-AE0B-802DA44CC1B8}
		{115FD261-7703-4030-A197-5B0175B1A809} = {6BC4B91B-D0BA-45C9-B418-8D7B51542F1F}
		{30FB26FC-3D2C-4C20-9DF9-D4122F8F39E9} = {174CB0F0-B398-47EA-8002-1D398B983655}
		{6CD7F028-36EE-4D64-A3C3-35833F011F12} = {9F5C73EF-86DF-4719-A1C6-11B91C392ECF}
		{82797ED9-0217-450C-8464-70138BB09095} = {9F5C73EF-86DF-4719-A1C6-11B91C392ECF}
		{C1605C0F-67BA-4B3A-AB98-8869C33BD664} = {9F5C73EF-86DF-4719-A1C6-11B91C392ECF}
		{F3754ECB-4222-4F87-AFC5-62429D2DF60A} = {9F5C73EF-86DF-4719-A1C6-11B91C392ECF}
		{E3527739-709A-4EC7-BDE6-A742EF94E749} = {CF49DF3A-B75F-49A8-885D-BF97AE3FF3CC}
		{EAF93589-3B33-4482-BFE9-F23765048BA0} = {CF49DF3A-B75F-49A8-885D-BF97AE3FF3CC}
		{750B67A7-2710-4311-A67D-0EEB0117AC83} = {CF49DF3A-B75F-49A8-885D-BF97AE3FF3CC}
		{375BA5A4-DC9A-4582-ABBE-717692566FB3} = {0E2BAB37-F8B6-416A-B8B5-3505B9AD8E71}
	EndGlobalSection
	GlobalSection(ExtensibilityGlobals) = postSolution
		SolutionGuid = {2371D0C0-427B-4712-A218-35CBF5D67C4F}
	EndGlobalSection
EndGlobal
